
Microsoft Visual Studio Solution File, Format Version 12.00
# Visual Studio Version 17
VisualStudioVersion = 17.0.31903.59
MinimumVisualStudioVersion = 10.0.40219.1
# Project Type GUIDs: https://github.com/JamesW75/visual-studio-project-type-guid#readme
Project("{687AD6DE-2DF8-4B75-A007-DEF66CD68131}") = "weather-api", "apps\weather-api\main\weather-api.csproj", "{933C185D-6CC6-42BD-A17C-614E85B4D2ED}"
EndProject
Project("{FAE04EC0-301F-11D3-BF4B-00C04F79EFBC}") = "hello-cs", "libs\hello-cs\main\hello-cs.csproj", "{871C8722-4B47-43E2-8E14-58D4FD7C31DF}"
EndProject
Project("{FAE04EC0-301F-11D3-BF4B-00C04F79EFBC}") = "hello-cs-test", "libs\hello-cs\test\hello-cs-test.csproj", "{06E966DD-7A3E-46C1-838D-16E9C337CDF9}"
EndProject
Global
	GlobalSection(SolutionConfigurationPlatforms) = preSolution
		Debug|Any CPU = Debug|Any CPU
		Release|Any CPU = Release|Any CPU
	EndGlobalSection
	GlobalSection(SolutionProperties) = preSolution
		HideSolutionNode = FALSE
	EndGlobalSection
	GlobalSection(ProjectConfigurationPlatforms) = postSolution
		{933C185D-6CC6-42BD-A17C-614E85B4D2ED}.Debug|Any CPU.ActiveCfg = Debug|Any CPU
		{933C185D-6CC6-42BD-A17C-614E85B4D2ED}.Debug|Any CPU.Build.0 = Debug|Any CPU
		{933C185D-6CC6-42BD-A17C-614E85B4D2ED}.Release|Any CPU.ActiveCfg = Release|Any CPU
		{933C185D-6CC6-42BD-A17C-614E85B4D2ED}.Release|Any CPU.Build.0 = Release|Any CPU
		{871C8722-4B47-43E2-8E14-58D4FD7C31DF}.Debug|Any CPU.ActiveCfg = Debug|Any CPU
		{871C8722-4B47-43E2-8E14-58D4FD7C31DF}.Debug|Any CPU.Build.0 = Debug|Any CPU
		{871C8722-4B47-43E2-8E14-58D4FD7C31DF}.Release|Any CPU.ActiveCfg = Release|Any CPU
		{871C8722-4B47-43E2-8E14-58D4FD7C31DF}.Release|Any CPU.Build.0 = Release|Any CPU
		{06E966DD-7A3E-46C1-838D-16E9C337CDF9}.Debug|Any CPU.ActiveCfg = Debug|Any CPU
		{06E966DD-7A3E-46C1-838D-16E9C337CDF9}.Debug|Any CPU.Build.0 = Debug|Any CPU
		{06E966DD-7A3E-46C1-838D-16E9C337CDF9}.Release|Any CPU.ActiveCfg = Release|Any CPU
		{06E966DD-7A3E-46C1-838D-16E9C337CDF9}.Release|Any CPU.Build.0 = Release|Any CPU
	EndGlobalSection
	GlobalSection(NestedProjects) = preSolution
		{48C8B241-365E-455D-B192-D24BFED7FAE9} = {A4C764A4-11EC-4CD6-BFA9-CF7F4F181862}
		{933C185D-6CC6-42BD-A17C-614E85B4D2ED} = {48C8B241-365E-455D-B192-D24BFED7FAE9}
		{25AAA773-10EE-4161-9BEC-32AC54E9017E} = {5A0DF9EB-1565-4DB1-A1DB-46044A086FC9}
		{871C8722-4B47-43E2-8E14-58D4FD7C31DF} = {25AAA773-10EE-4161-9BEC-32AC54E9017E}
		{06E966DD-7A3E-46C1-838D-16E9C337CDF9} = {25AAA773-10EE-4161-9BEC-32AC54E9017E}
	EndGlobalSection
EndGlobal
